github.com/confluentinc/confluent-kafka-go v1.5.2 h1:l+qt+a0Okmq0Bdr1P55IX4fiwFJyg0lZQmfHkAFkv7E=
github.com/confluentinc/confluent-kafka-go v1.5.2/go.mod h1:u2zNLny2xq+5rWeTQjFHbDzzNuba4P1vo31r9r4uAdg=
github.com/kataras/golog v0.1.6 h1:jEqEQCm+4B4M4/CgzrEWNj9iUST0hGZXDqAPMVnxWMw=
github.com/kataras/golog v0.1.6/go.mod h1:jOSQ+C5fUqsNSwurB/oAHq1IFSb0KI3l6GMa7xB6dZA=
github.com/kataras/pio v0.0.10 h1:b0qtPUqOpM2O+bqa5wr2O6dN4cQNwSmFd6HQqgVae0g=
github.com/kataras/pio v0.0.10/go.mod h1:gS3ui9xSD+lAUpbYnjOGiQyY7sUMJO+EHpiRzhtZ5no=
golang.org/x/sys v0.0.0-20200323222414-85ca7c5b95cd h1:xhmwyvizuTgC2qz7ZlMluP20uW+C3Rm0FD/WLDX8884=
golang.org/x/sys v0.0.0-20200323222414-85ca7c5b95cd/go.mod h1:h1NjWce9XRLGQEsW7wpKNCjG9DtNlClVuFLEZdDNbEs=
